
Microsoft Visual Studio Solution File, Format Version 12.00
# Visual Studio 2017
Project("{FAE04EC0-301F-11D3-BF4B-00C04F79EFBC}") = "Fall Risk Assessment VR", "Fall Risk Assessment VR.csproj", "{F488356D-AE93-03D3-4C4B-769D628F59F8}"
EndProject
Project("{FAE04EC0-301F-11D3-BF4B-00C04F79EFBC}") = "Unity.TextMeshPro", "Unity.TextMeshPro.csproj", "{07A21C90-D344-AE1A-8456-9910C203B41A}"
EndProject
Project("{FAE04EC0-301F-11D3-BF4B-00C04F79EFBC}") = "Oculus.VR", "Oculus.VR.csproj", "{ABAA9E89-904E-F248-9658-14F9444302C5}"
EndProject
Project("{FAE04EC0-301F-11D3-BF4B-00C04F79EFBC}") = "Unity.PackageManagerUI.Editor", "Unity.PackageManagerUI.Editor.csproj", "{6877705C-FBD9-0C4F-5AFB-6FB431E5D39D}"
EndProject
Project("{FAE04EC0-301F-11D3-BF4B-00C04F79EFBC}") = "Fall Risk Assessment VR.Editor", "Fall Risk Assessment VR.Editor.csproj", "{1664CF7B-A5BD-852A-CA8E-BE48D4636D63}"
EndProject
Project("{FAE04EC0-301F-11D3-BF4B-00C04F79EFBC}") = "Oculus.VR.Scripts.Editor", "Oculus.VR.Scripts.Editor.csproj", "{8DEDC9B6-1468-C3FB-4525-23AE84A2B54C}"
EndProject
Project("{FAE04EC0-301F-11D3-BF4B-00C04F79EFBC}") = "Oculus.VR.Editor", "Oculus.VR.Editor.csproj", "{9118B019-1FEF-914B-7CA9-E544A3C6DF5C}"
EndProject
Project("{FAE04EC0-301F-11D3-BF4B-00C04F79EFBC}") = "Unity.TextMeshPro.Editor", "Unity.TextMeshPro.Editor.csproj", "{3A848AB7-9891-EDDA-D555-BF184C2F81F4}"
EndProject
Global
	GlobalSection(SolutionConfigurationPlatforms) = preSolution
		Debug|Any CPU = Debug|Any CPU
		Release|Any CPU = Release|Any CPU
	EndGlobalSection
	GlobalSection(ProjectConfigurationPlatforms) = postSolution
		{F488356D-AE93-03D3-4C4B-769D628F59F8}.Debug|Any CPU.ActiveCfg = Debug|Any CPU
		{F488356D-AE93-03D3-4C4B-769D628F59F8}.Debug|Any CPU.Build.0 = Debug|Any CPU
		{F488356D-AE93-03D3-4C4B-769D628F59F8}.Release|Any CPU.ActiveCfg = Release|Any CPU
		{F488356D-AE93-03D3-4C4B-769D628F59F8}.Release|Any CPU.Build.0 = Release|Any CPU
		{07A21C90-D344-AE1A-8456-9910C203B41A}.Debug|Any CPU.ActiveCfg = Debug|Any CPU
		{07A21C90-D344-AE1A-8456-9910C203B41A}.Debug|Any CPU.Build.0 = Debug|Any CPU
		{07A21C90-D344-AE1A-8456-9910C203B41A}.Release|Any CPU.ActiveCfg = Release|Any CPU
		{07A21C90-D344-AE1A-8456-9910C203B41A}.Release|Any CPU.Build.0 = Release|Any CPU
		{ABAA9E89-904E-F248-9658-14F9444302C5}.Debug|Any CPU.ActiveCfg = Debug|Any CPU
		{ABAA9E89-904E-F248-9658-14F9444302C5}.Debug|Any CPU.Build.0 = Debug|Any CPU
		{ABAA9E89-904E-F248-9658-14F9444302C5}.Release|Any CPU.ActiveCfg = Release|Any CPU
		{ABAA9E89-904E-F248-9658-14F9444302C5}.Release|Any CPU.Build.0 = Release|Any CPU
		{6877705C-FBD9-0C4F-5AFB-6FB431E5D39D}.Debug|Any CPU.ActiveCfg = Debug|Any CPU
		{6877705C-FBD9-0C4F-5AFB-6FB431E5D39D}.Debug|Any CPU.Build.0 = Debug|Any CPU
		{6877705C-FBD9-0C4F-5AFB-6FB431E5D39D}.Release|Any CPU.ActiveCfg = Release|Any CPU
		{6877705C-FBD9-0C4F-5AFB-6FB431E5D39D}.Release|Any CPU.Build.0 = Release|Any CPU
		{1664CF7B-A5BD-852A-CA8E-BE48D4636D63}.Debug|Any CPU.ActiveCfg = Debug|Any CPU
		{1664CF7B-A5BD-852A-CA8E-BE48D4636D63}.Debug|Any CPU.Build.0 = Debug|Any CPU
		{1664CF7B-A5BD-852A-CA8E-BE48D4636D63}.Release|Any CPU.ActiveCfg = Release|Any CPU
		{1664CF7B-A5BD-852A-CA8E-BE48D4636D63}.Release|Any CPU.Build.0 = Release|Any CPU
		{8DEDC9B6-1468-C3FB-4525-23AE84A2B54C}.Debug|Any CPU.ActiveCfg = Debug|Any CPU
		{8DEDC9B6-1468-C3FB-4525-23AE84A2B54C}.Debug|Any CPU.Build.0 = Debug|Any CPU
		{8DEDC9B6-1468-C3FB-4525-23AE84A2B54C}.Release|Any CPU.ActiveCfg = Release|Any CPU
		{8DEDC9B6-1468-C3FB-4525-23AE84A2B54C}.Release|Any CPU.Build.0 = Release|Any CPU
		{9118B019-1FEF-914B-7CA9-E544A3C6DF5C}.Debug|Any CPU.ActiveCfg = Debug|Any CPU
		{9118B019-1FEF-914B-7CA9-E544A3C6DF5C}.Debug|Any CPU.Build.0 = Debug|Any CPU
		{9118B019-1FEF-914B-7CA9-E544A3C6DF5C}.Release|Any CPU.ActiveCfg = Release|Any CPU
		{9118B019-1FEF-914B-7CA9-E544A3C6DF5C}.Release|Any CPU.Build.0 = Release|Any CPU
		{3A848AB7-9891-EDDA-D555-BF184C2F81F4}.Debug|Any CPU.ActiveCfg = Debug|Any CPU
		{3A848AB7-9891-EDDA-D555-BF184C2F81F4}.Debug|Any CPU.Build.0 = Debug|Any CPU
		{3A848AB7-9891-EDDA-D555-BF184C2F81F4}.Release|Any CPU.ActiveCfg = Release|Any CPU
		{3A848AB7-9891-EDDA-D555-BF184C2F81F4}.Release|Any CPU.Build.0 = Release|Any CPU
	EndGlobalSection
	GlobalSection(SolutionProperties) = preSolution
		HideSolutionNode = FALSE
	EndGlobalSection
EndGlobal
